
Microsoft Visual Studio Solution File, Format Version 12.00
# Visual Studio Version 16
VisualStudioVersion = 16.0.29403.142
MinimumVisualStudioVersion = 10.0.40219.1
Project("{FAE04EC0-301F-11D3-BF4B-00C04F79EFBC}") = "HealthEngineAPI", "HealthEngineAPI\HealthEngineAPI.csproj", "{08A16A98-4746-41A9-9DB0-AAF76B9B58FF}"
EndProject
Global
	GlobalSection(SolutionConfigurationPlatforms) = preSolution
		Debug|Any CPU = Debug|Any CPU
		Release|Any CPU = Release|Any CPU
	EndGlobalSection
	GlobalSection(ProjectConfigurationPlatforms) = postSolution
		{08A16A98-4746-41A9-9DB0-AAF76B9B58FF}.Debug|Any CPU.ActiveCfg = Debug|Any CPU
		{08A16A98-4746-41A9-9DB0-AAF76B9B58FF}.Debug|Any CPU.Build.0 = Debug|Any CPU
		{08A16A98-4746-41A9-9DB0-AAF76B9B58FF}.Release|Any CPU.ActiveCfg = Release|Any CPU
		{08A16A98-4746-41A9-9DB0-AAF76B9B58FF}.Release|Any CPU.Build.0 = Release|Any CPU
	EndGlobalSection
	GlobalSection(SolutionProperties) = preSolution
		HideSolutionNode = FALSE
	EndGlobalSection
	GlobalSection(ExtensibilityGlobals) = postSolution
		SolutionGuid = {8005DE45-A52C-4B1A-BB00-5E7872B295F6}
	EndGlobalSection
EndGlobal
